// !$*UTF8*$!
{
	archiveVersion = 1;
	classes = {
	};
	objectVersion = 51;
	objects = {

/* Begin PBXBuildFile section */
		2097A1BE415D2FA4FAB705C2 /* Pods_RntcTests.framework in Frameworks */ = {isa = PBXBuildFile; fileRef = 71027A40176BACC084F21C1F /* Pods_RntcTests.framework */; };
		621FF7B825DE415D003FD10B /* AppDelegate.swift in Sources */ = {isa = PBXBuildFile; fileRef = 621FF7B725DE415D003FD10B /* AppDelegate.swift */; };
		621FF7BA25DE415D003FD10B /* SceneDelegate.swift in Sources */ = {isa = PBXBuildFile; fileRef = 621FF7B925DE415D003FD10B /* SceneDelegate.swift */; };
		621FF7BC25DE415D003FD10B /* ViewController.swift in Sources */ = {isa = PBXBuildFile; fileRef = 621FF7BB25DE415D003FD10B /* ViewController.swift */; };
		621FF7BF25DE415D003FD10B /* Main.storyboard in Resources */ = {isa = PBXBuildFile; fileRef = 621FF7BD25DE415D003FD10B /* Main.storyboard */; };
		621FF7C425DE415E003FD10B /* LaunchScreen.storyboard in Resources */ = {isa = PBXBuildFile; fileRef = 621FF7C225DE415E003FD10B /* LaunchScreen.storyboard */; };
		621FF7CF25DE415E003FD10B /* RntcTests.swift in Sources */ = {isa = PBXBuildFile; fileRef = 621FF7CE25DE415E003FD10B /* RntcTests.swift */; };
		621FF7DA25DE415E003FD10B /* RntcUITests.swift in Sources */ = {isa = PBXBuildFile; fileRef = 621FF7D925DE415E003FD10B /* RntcUITests.swift */; };
		62865A7225E5A67700B04A94 /* ContactViewController.swift in Sources */ = {isa = PBXBuildFile; fileRef = 62865A7125E5A67700B04A94 /* ContactViewController.swift */; };
		62995B9726015E7D003FA975 /* AppIcon.xcassets in Resources */ = {isa = PBXBuildFile; fileRef = 62995B9626015E7D003FA975 /* AppIcon.xcassets */; };
		629A1F542609BBEB006AD3DB /* ContentViewController.swift in Sources */ = {isa = PBXBuildFile; fileRef = 629A1F532609BBEB006AD3DB /* ContentViewController.swift */; };
		629CE44125F8DEE300B5D4B6 /* Constants.swift in Sources */ = {isa = PBXBuildFile; fileRef = 629CE44025F8DEE300B5D4B6 /* Constants.swift */; };
		629CE44725F8DFD800B5D4B6 /* DataService.swift in Sources */ = {isa = PBXBuildFile; fileRef = 629CE44625F8DFD800B5D4B6 /* DataService.swift */; };
		62A4E9CE25F8110F004885CB /* ItemScanning.swift in Sources */ = {isa = PBXBuildFile; fileRef = 62A4E9CD25F8110F004885CB /* ItemScanning.swift */; };
		62FFEB6525F0EF81009A84EA /* MenuTableViewCell.swift in Sources */ = {isa = PBXBuildFile; fileRef = 62FFEB6425F0EF81009A84EA /* MenuTableViewCell.swift */; };
		62FFEB6D25F0F0EE009A84EA /* MenuTableViewController.swift in Sources */ = {isa = PBXBuildFile; fileRef = 62FFEB6C25F0F0EE009A84EA /* MenuTableViewController.swift */; };
		62FFEB7225F0FBEC009A84EA /* Menu.swift in Sources */ = {isa = PBXBuildFile; fileRef = 62FFEB7125F0FBEC009A84EA /* Menu.swift */; };
		C01750A7AD9B64F4DC7C7B9E /* Pods_Rntc_RntcUITests.framework in Frameworks */ = {isa = PBXBuildFile; fileRef = 68C126057485E1AD795FCAB4 /* Pods_Rntc_RntcUITests.framework */; };
		C081797237F5A29C1A98B0D6 /* Pods_Rntc.framework in Frameworks */ = {isa = PBXBuildFile; fileRef = 801EADEC11B517AF4A0B7111 /* Pods_Rntc.framework */; };
/* End PBXBuildFile section */

/* Begin PBXContainerItemProxy section */
		621FF7CB25DE415E003FD10B /* PBXContainerItemProxy */ = {
			isa = PBXContainerItemProxy;
			containerPortal = 621FF7AC25DE415D003FD10B /* Project object */;
			proxyType = 1;
			remoteGlobalIDString = 621FF7B325DE415D003FD10B;
			remoteInfo = Rntc;
		};
		621FF7D625DE415E003FD10B /* PBXContainerItemProxy */ = {
			isa = PBXContainerItemProxy;
			containerPortal = 621FF7AC25DE415D003FD10B /* Project object */;
			proxyType = 1;
			remoteGlobalIDString = 621FF7B325DE415D003FD10B;
			remoteInfo = Rntc;
		};
/* End PBXContainerItemProxy section */

/* Begin PBXFileReference section */
		04DBCA9B5EBEB75D2876D2B4 /* Pods-Rntc.release.xcconfig */ = {isa = PBXFileReference; includeInIndex = 1; lastKnownFileType = text.xcconfig; name = "Pods-Rntc.release.xcconfig"; path = "Target Support Files/Pods-Rntc/Pods-Rntc.release.xcconfig"; sourceTree = "<group>"; };
		09B48D9545104854C780818E /* Pods-Rntc.debug.xcconfig */ = {isa = PBXFileReference; includeInIndex = 1; lastKnownFileType = text.xcconfig; name = "Pods-Rntc.debug.xcconfig"; path = "Target Support Files/Pods-Rntc/Pods-Rntc.debug.xcconfig"; sourceTree = "<group>"; };
		4280F278FE5659EE57098615 /* Pods-Rntc-RntcUITests.release.xcconfig */ = {isa = PBXFileReference; includeInIndex = 1; lastKnownFileType = text.xcconfig; name = "Pods-Rntc-RntcUITests.release.xcconfig"; path = "Target Support Files/Pods-Rntc-RntcUITests/Pods-Rntc-RntcUITests.release.xcconfig"; sourceTree = "<group>"; };
		621FF7B425DE415D003FD10B /* Rntc.app */ = {isa = PBXFileReference; explicitFileType = wrapper.application; includeInIndex = 0; path = Rntc.app; sourceTree = BUILT_PRODUCTS_DIR; };
		621FF7B725DE415D003FD10B /* AppDelegate.swift */ = {isa = PBXFileReference; lastKnownFileType = sourcecode.swift; path = AppDelegate.swift; sourceTree = "<group>"; };
		621FF7B925DE415D003FD10B /* SceneDelegate.swift */ = {isa = PBXFileReference; lastKnownFileType = sourcecode.swift; path = SceneDelegate.swift; sourceTree = "<group>"; };
		621FF7BB25DE415D003FD10B /* ViewController.swift */ = {isa = PBXFileReference; lastKnownFileType = sourcecode.swift; path = ViewController.swift; sourceTree = "<group>"; };
		621FF7BE25DE415D003FD10B /* Base */ = {isa = PBXFileReference; lastKnownFileType = file.storyboard; name = Base; path = Base.lproj/Main.storyboard; sourceTree = "<group>"; };
		621FF7C325DE415E003FD10B /* Base */ = {isa = PBXFileReference; lastKnownFileType = file.storyboard; name = Base; path = Base.lproj/LaunchScreen.storyboard; sourceTree = "<group>"; };
		621FF7C525DE415E003FD10B /* Info.plist */ = {isa = PBXFileReference; lastKnownFileType = text.plist.xml; path = Info.plist; sourceTree = "<group>"; };
		621FF7CA25DE415E003FD10B /* RntcTests.xctest */ = {isa = PBXFileReference; explicitFileType = wrapper.cfbundle; includeInIndex = 0; path = RntcTests.xctest; sourceTree = BUILT_PRODUCTS_DIR; };
		621FF7CE25DE415E003FD10B /* RntcTests.swift */ = {isa = PBXFileReference; lastKnownFileType = sourcecode.swift; path = RntcTests.swift; sourceTree = "<group>"; };
		621FF7D025DE415E003FD10B /* Info.plist */ = {isa = PBXFileReference; lastKnownFileType = text.plist.xml; path = Info.plist; sourceTree = "<group>"; };
		621FF7D525DE415E003FD10B /* RntcUITests.xctest */ = {isa = PBXFileReference; explicitFileType = wrapper.cfbundle; includeInIndex = 0; path = RntcUITests.xctest; sourceTree = BUILT_PRODUCTS_DIR; };
		621FF7D925DE415E003FD10B /* RntcUITests.swift */ = {isa = PBXFileReference; lastKnownFileType = sourcecode.swift; path = RntcUITests.swift; sourceTree = "<group>"; };
		621FF7DB25DE415E003FD10B /* Info.plist */ = {isa = PBXFileReference; lastKnownFileType = text.plist.xml; path = Info.plist; sourceTree = "<group>"; };
		62865A7125E5A67700B04A94 /* ContactViewController.swift */ = {isa = PBXFileReference; lastKnownFileType = sourcecode.swift; path = ContactViewController.swift; sourceTree = "<group>"; };
		62995B9626015E7D003FA975 /* AppIcon.xcassets */ = {isa = PBXFileReference; lastKnownFileType = folder.assetcatalog; path = AppIcon.xcassets; sourceTree = "<group>"; };
		629A1F532609BBEB006AD3DB /* ContentViewController.swift */ = {isa = PBXFileReference; lastKnownFileType = sourcecode.swift; path = ContentViewController.swift; sourceTree = "<group>"; };
		629CE44025F8DEE300B5D4B6 /* Constants.swift */ = {isa = PBXFileReference; lastKnownFileType = sourcecode.swift; path = Constants.swift; sourceTree = "<group>"; };
		629CE44625F8DFD800B5D4B6 /* DataService.swift */ = {isa = PBXFileReference; lastKnownFileType = sourcecode.swift; path = DataService.swift; sourceTree = "<group>"; };
		62A4E9CD25F8110F004885CB /* ItemScanning.swift */ = {isa = PBXFileReference; lastKnownFileType = sourcecode.swift; path = ItemScanning.swift; sourceTree = "<group>"; };
		62FFEB6425F0EF81009A84EA /* MenuTableViewCell.swift */ = {isa = PBXFileReference; lastKnownFileType = sourcecode.swift; path = MenuTableViewCell.swift; sourceTree = "<group>"; };
		62FFEB6C25F0F0EE009A84EA /* MenuTableViewController.swift */ = {isa = PBXFileReference; lastKnownFileType = sourcecode.swift; path = MenuTableViewController.swift; sourceTree = "<group>"; };
		62FFEB7125F0FBEC009A84EA /* Menu.swift */ = {isa = PBXFileReference; lastKnownFileType = sourcecode.swift; path = Menu.swift; sourceTree = "<group>"; };
		68C126057485E1AD795FCAB4 /* Pods_Rntc_RntcUITests.framework */ = {isa = PBXFileReference; explicitFileType = wrapper.framework; includeInIndex = 0; path = Pods_Rntc_RntcUITests.framework; sourceTree = BUILT_PRODUCTS_DIR; };
		71027A40176BACC084F21C1F /* Pods_RntcTests.framework */ = {isa = PBXFileReference; explicitFileType = wrapper.framework; includeInIndex = 0; path = Pods_RntcTests.framework; sourceTree = BUILT_PRODUCTS_DIR; };
		801EADEC11B517AF4A0B7111 /* Pods_Rntc.framework */ = {isa = PBXFileReference; explicitFileType = wrapper.framework; includeInIndex = 0; path = Pods_Rntc.framework; sourceTree = BUILT_PRODUCTS_DIR; };
		8E5F41DD0910D4127184F994 /* Pods-RntcTests.release.xcconfig */ = {isa = PBXFileReference; includeInIndex = 1; lastKnownFileType = text.xcconfig; name = "Pods-RntcTests.release.xcconfig"; path = "Target Support Files/Pods-RntcTests/Pods-RntcTests.release.xcconfig"; sourceTree = "<group>"; };
		8F849DED6A16C20338A4E4FA /* Pods-Rntc-RntcUITests.debug.xcconfig */ = {isa = PBXFileReference; includeInIndex = 1; lastKnownFileType = text.xcconfig; name = "Pods-Rntc-RntcUITests.debug.xcconfig"; path = "Target Support Files/Pods-Rntc-RntcUITests/Pods-Rntc-RntcUITests.debug.xcconfig"; sourceTree = "<group>"; };
		E621A3B458D44D38F03D5C46 /* Pods-RntcTests.debug.xcconfig */ = {isa = PBXFileReference; includeInIndex = 1; lastKnownFileType = text.xcconfig; name = "Pods-RntcTests.debug.xcconfig"; path = "Target Support Files/Pods-RntcTests/Pods-RntcTests.debug.xcconfig"; sourceTree = "<group>"; };
/* End PBXFileReference section */

/* Begin PBXFrameworksBuildPhase section */
		621FF7B125DE415D003FD10B /* Frameworks */ = {
			isa = PBXFrameworksBuildPhase;
			buildActionMask = 2147483647;
			files = (
				C081797237F5A29C1A98B0D6 /* Pods_Rntc.framework in Frameworks */,
			);
			runOnlyForDeploymentPostprocessing = 0;
		};
		621FF7C725DE415E003FD10B /* Frameworks */ = {
			isa = PBXFrameworksBuildPhase;
			buildActionMask = 2147483647;
			files = (
				2097A1BE415D2FA4FAB705C2 /* Pods_RntcTests.framework in Frameworks */,
			);
			runOnlyForDeploymentPostprocessing = 0;
		};
		621FF7D225DE415E003FD10B /* Frameworks */ = {
			isa = PBXFrameworksBuildPhase;
			buildActionMask = 2147483647;
			files = (
				C01750A7AD9B64F4DC7C7B9E /* Pods_Rntc_RntcUITests.framework in Frameworks */,
			);
			runOnlyForDeploymentPostprocessing = 0;
		};
/* End PBXFrameworksBuildPhase section */

/* Begin PBXGroup section */
		269EB4183FD14F55EB9D1E73 /* Pods */ = {
			isa = PBXGroup;
			children = (
				09B48D9545104854C780818E /* Pods-Rntc.debug.xcconfig */,
				04DBCA9B5EBEB75D2876D2B4 /* Pods-Rntc.release.xcconfig */,
				8F849DED6A16C20338A4E4FA /* Pods-Rntc-RntcUITests.debug.xcconfig */,
				4280F278FE5659EE57098615 /* Pods-Rntc-RntcUITests.release.xcconfig */,
				E621A3B458D44D38F03D5C46 /* Pods-RntcTests.debug.xcconfig */,
				8E5F41DD0910D4127184F994 /* Pods-RntcTests.release.xcconfig */,
			);
			path = Pods;
			sourceTree = "<group>";
		};
		621FF7AB25DE415D003FD10B = {
			isa = PBXGroup;
			children = (
				621FF7B625DE415D003FD10B /* Rntc */,
				621FF7CD25DE415E003FD10B /* RntcTests */,
				621FF7D825DE415E003FD10B /* RntcUITests */,
				621FF7B525DE415D003FD10B /* Products */,
				269EB4183FD14F55EB9D1E73 /* Pods */,
				7BD5D3997DCBB684D1181E58 /* Frameworks */,
			);
			sourceTree = "<group>";
		};
		621FF7B525DE415D003FD10B /* Products */ = {
			isa = PBXGroup;
			children = (
				621FF7B425DE415D003FD10B /* Rntc.app */,
				621FF7CA25DE415E003FD10B /* RntcTests.xctest */,
				621FF7D525DE415E003FD10B /* RntcUITests.xctest */,
			);
			name = Products;
			sourceTree = "<group>";
		};
		621FF7B625DE415D003FD10B /* Rntc */ = {
			isa = PBXGroup;
			children = (
				629CE44525F8DFBF00B5D4B6 /* Services */,
				62A4E9CC25F810FF004885CB /* Model */,
				62FFEB6325F0EF65009A84EA /* Menu */,
				621FF7B725DE415D003FD10B /* AppDelegate.swift */,
				621FF7B925DE415D003FD10B /* SceneDelegate.swift */,
				621FF7BB25DE415D003FD10B /* ViewController.swift */,
				621FF7BD25DE415D003FD10B /* Main.storyboard */,
				62995B9626015E7D003FA975 /* AppIcon.xcassets */,
				621FF7C225DE415E003FD10B /* LaunchScreen.storyboard */,
				621FF7C525DE415E003FD10B /* Info.plist */,
				62865A7125E5A67700B04A94 /* ContactViewController.swift */,
				629CE44025F8DEE300B5D4B6 /* Constants.swift */,
				629A1F532609BBEB006AD3DB /* ContentViewController.swift */,
			);
			path = Rntc;
			sourceTree = "<group>";
		};
		621FF7CD25DE415E003FD10B /* RntcTests */ = {
			isa = PBXGroup;
			children = (
				621FF7CE25DE415E003FD10B /* RntcTests.swift */,
				621FF7D025DE415E003FD10B /* Info.plist */,
			);
			path = RntcTests;
			sourceTree = "<group>";
		};
		621FF7D825DE415E003FD10B /* RntcUITests */ = {
			isa = PBXGroup;
			children = (
				621FF7D925DE415E003FD10B /* RntcUITests.swift */,
				621FF7DB25DE415E003FD10B /* Info.plist */,
			);
			path = RntcUITests;
			sourceTree = "<group>";
		};
		629CE44525F8DFBF00B5D4B6 /* Services */ = {
			isa = PBXGroup;
			children = (
				629CE44625F8DFD800B5D4B6 /* DataService.swift */,
			);
			path = Services;
			sourceTree = "<group>";
		};
		62A4E9CC25F810FF004885CB /* Model */ = {
			isa = PBXGroup;
			children = (
				62A4E9CD25F8110F004885CB /* ItemScanning.swift */,
			);
			path = Model;
			sourceTree = "<group>";
		};
		62FFEB6325F0EF65009A84EA /* Menu */ = {
			isa = PBXGroup;
			children = (
				62FFEB6425F0EF81009A84EA /* MenuTableViewCell.swift */,
				62FFEB6C25F0F0EE009A84EA /* MenuTableViewController.swift */,
				62FFEB7125F0FBEC009A84EA /* Menu.swift */,
			);
			path = Menu;
			sourceTree = "<group>";
		};
		7BD5D3997DCBB684D1181E58 /* Frameworks */ = {
			isa = PBXGroup;
			children = (
				801EADEC11B517AF4A0B7111 /* Pods_Rntc.framework */,
				68C126057485E1AD795FCAB4 /* Pods_Rntc_RntcUITests.framework */,
				71027A40176BACC084F21C1F /* Pods_RntcTests.framework */,
			);
			name = Frameworks;
			sourceTree = "<group>";
		};
/* End PBXGroup section */

/* Begin PBXNativeTarget section */
		621FF7B325DE415D003FD10B /* Rntc */ = {
			isa = PBXNativeTarget;
			buildConfigurationList = 621FF7DE25DE415E003FD10B /* Build configuration list for PBXNativeTarget "Rntc" */;
			buildPhases = (
				ACB825D47C6E91D64E60D110 /* [CP] Check Pods Manifest.lock */,
				621FF7B025DE415D003FD10B /* Sources */,
				621FF7B125DE415D003FD10B /* Frameworks */,
				621FF7B225DE415D003FD10B /* Resources */,
				A45C7672DEC9AB88BD94F1C9 /* [CP] Embed Pods Frameworks */,
			);
			buildRules = (
			);
			dependencies = (
			);
			name = Rntc;
			productName = Rntc;
			productReference = 621FF7B425DE415D003FD10B /* Rntc.app */;
			productType = "com.apple.product-type.application";
		};
		621FF7C925DE415E003FD10B /* RntcTests */ = {
			isa = PBXNativeTarget;
			buildConfigurationList = 621FF7E125DE415E003FD10B /* Build configuration list for PBXNativeTarget "RntcTests" */;
			buildPhases = (
				2EF6F551B5DE1177EB32F15E /* [CP] Check Pods Manifest.lock */,
				621FF7C625DE415E003FD10B /* Sources */,
				621FF7C725DE415E003FD10B /* Frameworks */,
				621FF7C825DE415E003FD10B /* Resources */,
			);
			buildRules = (
			);
			dependencies = (
				621FF7CC25DE415E003FD10B /* PBXTargetDependency */,
			);
			name = RntcTests;
			productName = RntcTests;
			productReference = 621FF7CA25DE415E003FD10B /* RntcTests.xctest */;
			productType = "com.apple.product-type.bundle.unit-test";
		};
		621FF7D425DE415E003FD10B /* RntcUITests */ = {
			isa = PBXNativeTarget;
			buildConfigurationList = 621FF7E425DE415E003FD10B /* Build configuration list for PBXNativeTarget "RntcUITests" */;
			buildPhases = (
				CEC7FAEA274B3A2FD83F373E /* [CP] Check Pods Manifest.lock */,
				621FF7D125DE415E003FD10B /* Sources */,
				621FF7D225DE415E003FD10B /* Frameworks */,
				621FF7D325DE415E003FD10B /* Resources */,
				09DA7FFBEF3730DDB6DC62D5 /* [CP] Embed Pods Frameworks */,
			);
			buildRules = (
			);
			dependencies = (
				621FF7D725DE415E003FD10B /* PBXTargetDependency */,
			);
			name = RntcUITests;
			productName = RntcUITests;
			productReference = 621FF7D525DE415E003FD10B /* RntcUITests.xctest */;
			productType = "com.apple.product-type.bundle.ui-testing";
		};
/* End PBXNativeTarget section */

/* Begin PBXProject section */
		621FF7AC25DE415D003FD10B /* Project object */ = {
			isa = PBXProject;
			attributes = {
				LastSwiftUpdateCheck = 1240;
				LastUpgradeCheck = 1240;
				TargetAttributes = {
					621FF7B325DE415D003FD10B = {
						CreatedOnToolsVersion = 12.4;
					};
					621FF7C925DE415E003FD10B = {
						CreatedOnToolsVersion = 12.4;
						TestTargetID = 621FF7B325DE415D003FD10B;
					};
					621FF7D425DE415E003FD10B = {
						CreatedOnToolsVersion = 12.4;
						TestTargetID = 621FF7B325DE415D003FD10B;
					};
				};
			};
			buildConfigurationList = 621FF7AF25DE415D003FD10B /* Build configuration list for PBXProject "Rntc" */;
			compatibilityVersion = "Xcode 9.3";
			developmentRegion = en;
			hasScannedForEncodings = 0;
			knownRegions = (
				en,
				Base,
			);
			mainGroup = 621FF7AB25DE415D003FD10B;
			productRefGroup = 621FF7B525DE415D003FD10B /* Products */;
			projectDirPath = "";
			projectRoot = "";
			targets = (
				621FF7B325DE415D003FD10B /* Rntc */,
				621FF7C925DE415E003FD10B /* RntcTests */,
				621FF7D425DE415E003FD10B /* RntcUITests */,
			);
		};
/* End PBXProject section */

/* Begin PBXResourcesBuildPhase section */
		621FF7B225DE415D003FD10B /* Resources */ = {
			isa = PBXResourcesBuildPhase;
			buildActionMask = 2147483647;
			files = (
				62995B9726015E7D003FA975 /* AppIcon.xcassets in Resources */,
				621FF7C425DE415E003FD10B /* LaunchScreen.storyboard in Resources */,
				621FF7BF25DE415D003FD10B /* Main.storyboard in Resources */,
			);
			runOnlyForDeploymentPostprocessing = 0;
		};
		621FF7C825DE415E003FD10B /* Resources */ = {
			isa = PBXResourcesBuildPhase;
			buildActionMask = 2147483647;
			files = (
			);
			runOnlyForDeploymentPostprocessing = 0;
		};
		621FF7D325DE415E003FD10B /* Resources */ = {
			isa = PBXResourcesBuildPhase;
			buildActionMask = 2147483647;
			files = (
			);
			runOnlyForDeploymentPostprocessing = 0;
		};
/* End PBXResourcesBuildPhase section */

/* Begin PBXShellScriptBuildPhase section */
		09DA7FFBEF3730DDB6DC62D5 /* [CP] Embed Pods Frameworks */ = {
			isa = PBXShellScriptBuildPhase;
			buildActionMask = 2147483647;
			files = (
			);
			inputFileListPaths = (
				"${PODS_ROOT}/Target Support Files/Pods-Rntc-RntcUITests/Pods-Rntc-RntcUITests-frameworks-${CONFIGURATION}-input-files.xcfilelist",
			);
			name = "[CP] Embed Pods Frameworks";
			outputFileListPaths = (
				"${PODS_ROOT}/Target Support Files/Pods-Rntc-RntcUITests/Pods-Rntc-RntcUITests-frameworks-${CONFIGURATION}-output-files.xcfilelist",
			);
			runOnlyForDeploymentPostprocessing = 0;
			shellPath = /bin/sh;
			shellScript = "\"${PODS_ROOT}/Target Support Files/Pods-Rntc-RntcUITests/Pods-Rntc-RntcUITests-frameworks.sh\"\n";
			showEnvVarsInLog = 0;
		};
		2EF6F551B5DE1177EB32F15E /* [CP] Check Pods Manifest.lock */ = {
			isa = PBXShellScriptBuildPhase;
			buildActionMask = 2147483647;
			files = (
			);
			inputFileListPaths = (
			);
			inputPaths = (
				"${PODS_PODFILE_DIR_PATH}/Podfile.lock",
				"${PODS_ROOT}/Manifest.lock",
			);
			name = "[CP] Check Pods Manifest.lock";
			outputFileListPaths = (
			);
			outputPaths = (
				"$(DERIVED_FILE_DIR)/Pods-RntcTests-checkManifestLockResult.txt",
			);
			runOnlyForDeploymentPostprocessing = 0;
			shellPath = /bin/sh;
			shellScript = "diff \"${PODS_PODFILE_DIR_PATH}/Podfile.lock\" \"${PODS_ROOT}/Manifest.lock\" > /dev/null\nif [ $? != 0 ] ; then\n    # print error to STDERR\n    echo \"error: The sandbox is not in sync with the Podfile.lock. Run 'pod install' or update your CocoaPods installation.\" >&2\n    exit 1\nfi\n# This output is used by Xcode 'outputs' to avoid re-running this script phase.\necho \"SUCCESS\" > \"${SCRIPT_OUTPUT_FILE_0}\"\n";
			showEnvVarsInLog = 0;
		};
		A45C7672DEC9AB88BD94F1C9 /* [CP] Embed Pods Frameworks */ = {
			isa = PBXShellScriptBuildPhase;
			buildActionMask = 2147483647;
			files = (
			);
			inputFileListPaths = (
				"${PODS_ROOT}/Target Support Files/Pods-Rntc/Pods-Rntc-frameworks-${CONFIGURATION}-input-files.xcfilelist",
			);
			name = "[CP] Embed Pods Frameworks";
			outputFileListPaths = (
				"${PODS_ROOT}/Target Support Files/Pods-Rntc/Pods-Rntc-frameworks-${CONFIGURATION}-output-files.xcfilelist",
			);
			runOnlyForDeploymentPostprocessing = 0;
			shellPath = /bin/sh;
			shellScript = "\"${PODS_ROOT}/Target Support Files/Pods-Rntc/Pods-Rntc-frameworks.sh\"\n";
			showEnvVarsInLog = 0;
		};
		ACB825D47C6E91D64E60D110 /* [CP] Check Pods Manifest.lock */ = {
			isa = PBXShellScriptBuildPhase;
			buildActionMask = 2147483647;
			files = (
			);
			inputFileListPaths = (
			);
			inputPaths = (
				"${PODS_PODFILE_DIR_PATH}/Podfile.lock",
				"${PODS_ROOT}/Manifest.lock",
			);
			name = "[CP] Check Pods Manifest.lock";
			outputFileListPaths = (
			);
			outputPaths = (
				"$(DERIVED_FILE_DIR)/Pods-Rntc-checkManifestLockResult.txt",
			);
			runOnlyForDeploymentPostprocessing = 0;
			shellPath = /bin/sh;
			shellScript = "diff \"${PODS_PODFILE_DIR_PATH}/Podfile.lock\" \"${PODS_ROOT}/Manifest.lock\" > /dev/null\nif [ $? != 0 ] ; then\n    # print error to STDERR\n    echo \"error: The sandbox is not in sync with the Podfile.lock. Run 'pod install' or update your CocoaPods installation.\" >&2\n    exit 1\nfi\n# This output is used by Xcode 'outputs' to avoid re-running this script phase.\necho \"SUCCESS\" > \"${SCRIPT_OUTPUT_FILE_0}\"\n";
			showEnvVarsInLog = 0;
		};
		CEC7FAEA274B3A2FD83F373E /* [CP] Check Pods Manifest.lock */ = {
			isa = PBXShellScriptBuildPhase;
			buildActionMask = 2147483647;
			files = (
			);
			inputFileListPaths = (
			);
			inputPaths = (
				"${PODS_PODFILE_DIR_PATH}/Podfile.lock",
				"${PODS_ROOT}/Manifest.lock",
			);
			name = "[CP] Check Pods Manifest.lock";
			outputFileListPaths = (
			);
			outputPaths = (
				"$(DERIVED_FILE_DIR)/Pods-Rntc-RntcUITests-checkManifestLockResult.txt",
			);
			runOnlyForDeploymentPostprocessing = 0;
			shellPath = /bin/sh;
			shellScript = "diff \"${PODS_PODFILE_DIR_PATH}/Podfile.lock\" \"${PODS_ROOT}/Manifest.lock\" > /dev/null\nif [ $? != 0 ] ; then\n    # print error to STDERR\n    echo \"error: The sandbox is not in sync with the Podfile.lock. Run 'pod install' or update your CocoaPods installation.\" >&2\n    exit 1\nfi\n# This output is used by Xcode 'outputs' to avoid re-running this script phase.\necho \"SUCCESS\" > \"${SCRIPT_OUTPUT_FILE_0}\"\n";
			showEnvVarsInLog = 0;
		};
/* End PBXShellScriptBuildPhase section */

/* Begin PBXSourcesBuildPhase section */
		621FF7B025DE415D003FD10B /* Sources */ = {
			isa = PBXSourcesBuildPhase;
			buildActionMask = 2147483647;
			files = (
				621FF7BC25DE415D003FD10B /* ViewController.swift in Sources */,
				629CE44125F8DEE300B5D4B6 /* Constants.swift in Sources */,
				629A1F542609BBEB006AD3DB /* ContentViewController.swift in Sources */,
				62FFEB6D25F0F0EE009A84EA /* MenuTableViewController.swift in Sources */,
				62FFEB6525F0EF81009A84EA /* MenuTableViewCell.swift in Sources */,
				62A4E9CE25F8110F004885CB /* ItemScanning.swift in Sources */,
				62FFEB7225F0FBEC009A84EA /* Menu.swift in Sources */,
				621FF7B825DE415D003FD10B /* AppDelegate.swift in Sources */,
				621FF7BA25DE415D003FD10B /* SceneDelegate.swift in Sources */,
				62865A7225E5A67700B04A94 /* ContactViewController.swift in Sources */,
				629CE44725F8DFD800B5D4B6 /* DataService.swift in Sources */,
			);
			runOnlyForDeploymentPostprocessing = 0;
		};
		621FF7C625DE415E003FD10B /* Sources */ = {
			isa = PBXSourcesBuildPhase;
			buildActionMask = 2147483647;
			files = (
				621FF7CF25DE415E003FD10B /* RntcTests.swift in Sources */,
			);
			runOnlyForDeploymentPostprocessing = 0;
		};
		621FF7D125DE415E003FD10B /* Sources */ = {
			isa = PBXSourcesBuildPhase;
			buildActionMask = 2147483647;
			files = (
				621FF7DA25DE415E003FD10B /* RntcUITests.swift in Sources */,
			);
			runOnlyForDeploymentPostprocessing = 0;
		};
/* End PBXSourcesBuildPhase section */

/* Begin PBXTargetDependency section */
		621FF7CC25DE415E003FD10B /* PBXTargetDependency */ = {
			isa = PBXTargetDependency;
			target = 621FF7B325DE415D003FD10B /* Rntc */;
			targetProxy = 621FF7CB25DE415E003FD10B /* PBXContainerItemProxy */;
		};
		621FF7D725DE415E003FD10B /* PBXTargetDependency */ = {
			isa = PBXTargetDependency;
			target = 621FF7B325DE415D003FD10B /* Rntc */;
			targetProxy = 621FF7D625DE415E003FD10B /* PBXContainerItemProxy */;
		};
/* End PBXTargetDependency section */

/* Begin PBXVariantGroup section */
		621FF7BD25DE415D003FD10B /* Main.storyboard */ = {
			isa = PBXVariantGroup;
			children = (
				621FF7BE25DE415D003FD10B /* Base */,
			);
			name = Main.storyboard;
			sourceTree = "<group>";
		};
		621FF7C225DE415E003FD10B /* LaunchScreen.storyboard */ = {
			isa = PBXVariantGroup;
			children = (
				621FF7C325DE415E003FD10B /* Base */,
			);
			name = LaunchScreen.storyboard;
			sourceTree = "<group>";
		};
/* End PBXVariantGroup section */

/* Begin XCBuildConfiguration section */
		621FF7DC25DE415E003FD10B /* Debug */ = {
			isa = XCBuildConfiguration;
			buildSettings = {
				ALWAYS_SEARCH_USER_PATHS = NO;
				CLANG_ANALYZER_NONNULL = YES;
				CLANG_ANALYZER_NUMBER_OBJECT_CONVERSION = YES_AGGRESSIVE;
				CLANG_CXX_LANGUAGE_STANDARD = "gnu++14";
				CLANG_CXX_LIBRARY = "libc++";
				CLANG_ENABLE_MODULES = YES;
				CLANG_ENABLE_OBJC_ARC = YES;
				CLANG_ENABLE_OBJC_WEAK = YES;
				CLANG_WARN_BLOCK_CAPTURE_AUTORELEASING = YES;
				CLANG_WARN_BOOL_CONVERSION = YES;
				CLANG_WARN_COMMA = YES;
				CLANG_WARN_CONSTANT_CONVERSION = YES;
				CLANG_WARN_DEPRECATED_OBJC_IMPLEMENTATIONS = YES;
				CLANG_WARN_DIRECT_OBJC_ISA_USAGE = YES_ERROR;
				CLANG_WARN_DOCUMENTATION_COMMENTS = YES;
				CLANG_WARN_EMPTY_BODY = YES;
				CLANG_WARN_ENUM_CONVERSION = YES;
				CLANG_WARN_INFINITE_RECURSION = YES;
				CLANG_WARN_INT_CONVERSION = YES;
				CLANG_WARN_NON_LITERAL_NULL_CONVERSION = YES;
				CLANG_WARN_OBJC_IMPLICIT_RETAIN_SELF = YES;
				CLANG_WARN_OBJC_LITERAL_CONVERSION = YES;
				CLANG_WARN_OBJC_ROOT_CLASS = YES_ERROR;
				CLANG_WARN_QUOTED_INCLUDE_IN_FRAMEWORK_HEADER = YES;
				CLANG_WARN_RANGE_LOOP_ANALYSIS = YES;
				CLANG_WARN_STRICT_PROTOTYPES = YES;
				CLANG_WARN_SUSPICIOUS_MOVE = YES;
				CLANG_WARN_UNGUARDED_AVAILABILITY = YES_AGGRESSIVE;
				CLANG_WARN_UNREACHABLE_CODE = YES;
				CLANG_WARN__DUPLICATE_METHOD_MATCH = YES;
				COPY_PHASE_STRIP = NO;
				DEBUG_INFORMATION_FORMAT = dwarf;
				ENABLE_STRICT_OBJC_MSGSEND = YES;
				ENABLE_TESTABILITY = YES;
				GCC_C_LANGUAGE_STANDARD = gnu11;
				GCC_DYNAMIC_NO_PIC = NO;
				GCC_NO_COMMON_BLOCKS = YES;
				GCC_OPTIMIZATION_LEVEL = 0;
				GCC_PREPROCESSOR_DEFINITIONS = (
					"DEBUG=1",
					"$(inherited)",
				);
				GCC_WARN_64_TO_32_BIT_CONVERSION = YES;
				GCC_WARN_ABOUT_RETURN_TYPE = YES_ERROR;
				GCC_WARN_UNDECLARED_SELECTOR = YES;
				GCC_WARN_UNINITIALIZED_AUTOS = YES_AGGRESSIVE;
				GCC_WARN_UNUSED_FUNCTION = YES;
				GCC_WARN_UNUSED_VARIABLE = YES;
				IPHONEOS_DEPLOYMENT_TARGET = 14.4;
				MTL_ENABLE_DEBUG_INFO = INCLUDE_SOURCE;
				MTL_FAST_MATH = YES;
				ONLY_ACTIVE_ARCH = YES;
				SDKROOT = iphoneos;
				SWIFT_ACTIVE_COMPILATION_CONDITIONS = DEBUG;
				SWIFT_OPTIMIZATION_LEVEL = "-Onone";
			};
			name = Debug;
		};
		621FF7DD25DE415E003FD10B /* Release */ = {
			isa = XCBuildConfiguration;
			buildSettings = {
				ALWAYS_SEARCH_USER_PATHS = NO;
				CLANG_ANALYZER_NONNULL = YES;
				CLANG_ANALYZER_NUMBER_OBJECT_CONVERSION = YES_AGGRESSIVE;
				CLANG_CXX_LANGUAGE_STANDARD = "gnu++14";
				CLANG_CXX_LIBRARY = "libc++";
				CLANG_ENABLE_MODULES = YES;
				CLANG_ENABLE_OBJC_ARC = YES;
				CLANG_ENABLE_OBJC_WEAK = YES;
				CLANG_WARN_BLOCK_CAPTURE_AUTORELEASING = YES;
				CLANG_WARN_BOOL_CONVERSION = YES;
				CLANG_WARN_COMMA = YES;
				CLANG_WARN_CONSTANT_CONVERSION = YES;
				CLANG_WARN_DEPRECATED_OBJC_IMPLEMENTATIONS = YES;
				CLANG_WARN_DIRECT_OBJC_ISA_USAGE = YES_ERROR;
				CLANG_WARN_DOCUMENTATION_COMMENTS = YES;
				CLANG_WARN_EMPTY_BODY = YES;
				CLANG_WARN_ENUM_CONVERSION = YES;
				CLANG_WARN_INFINITE_RECURSION = YES;
				CLANG_WARN_INT_CONVERSION = YES;
				CLANG_WARN_NON_LITERAL_NULL_CONVERSION = YES;
				CLANG_WARN_OBJC_IMPLICIT_RETAIN_SELF = YES;
				CLANG_WARN_OBJC_LITERAL_CONVERSION = YES;
				CLANG_WARN_OBJC_ROOT_CLASS = YES_ERROR;
				CLANG_WARN_QUOTED_INCLUDE_IN_FRAMEWORK_HEADER = YES;
				CLANG_WARN_RANGE_LOOP_ANALYSIS = YES;
				CLANG_WARN_STRICT_PROTOTYPES = YES;
				CLANG_WARN_SUSPICIOUS_MOVE = YES;
				CLANG_WARN_UNGUARDED_AVAILABILITY = YES_AGGRESSIVE;
				CLANG_WARN_UNREACHABLE_CODE = YES;
				CLANG_WARN__DUPLICATE_METHOD_MATCH = YES;
				COPY_PHASE_STRIP = NO;
				DEBUG_INFORMATION_FORMAT = "dwarf-with-dsym";
				ENABLE_NS_ASSERTIONS = NO;
				ENABLE_STRICT_OBJC_MSGSEND = YES;
				GCC_C_LANGUAGE_STANDARD = gnu11;
				GCC_NO_COMMON_BLOCKS = YES;
				GCC_WARN_64_TO_32_BIT_CONVERSION = YES;
				GCC_WARN_ABOUT_RETURN_TYPE = YES_ERROR;
				GCC_WARN_UNDECLARED_SELECTOR = YES;
				GCC_WARN_UNINITIALIZED_AUTOS = YES_AGGRESSIVE;
				GCC_WARN_UNUSED_FUNCTION = YES;
				GCC_WARN_UNUSED_VARIABLE = YES;
				IPHONEOS_DEPLOYMENT_TARGET = 14.4;
				MTL_ENABLE_DEBUG_INFO = NO;
				MTL_FAST_MATH = YES;
				SDKROOT = iphoneos;
				SWIFT_COMPILATION_MODE = wholemodule;
				SWIFT_OPTIMIZATION_LEVEL = "-O";
				VALIDATE_PRODUCT = YES;
			};
			name = Release;
		};
		621FF7DF25DE415E003FD10B /* Debug */ = {
			isa = XCBuildConfiguration;
			baseConfigurationReference = 09B48D9545104854C780818E /* Pods-Rntc.debug.xcconfig */;
			buildSettings = {
				ASSETCATALOG_COMPILER_APPICON_NAME = AppIcon;
				ASSETCATALOG_COMPILER_GLOBAL_ACCENT_COLOR_NAME = AccentColor;
				CODE_SIGN_STYLE = Automatic;
				DEVELOPMENT_TEAM = E7LT4SWZY4;
				INFOPLIST_FILE = Rntc/Info.plist;
				LD_RUNPATH_SEARCH_PATHS = (
					"$(inherited)",
					"@executable_path/Frameworks",
				);
				PRODUCT_BUNDLE_IDENTIFIER = Domiik.Rntc;
				PRODUCT_NAME = "$(TARGET_NAME)";
				SWIFT_VERSION = 5.0;
				TARGETED_DEVICE_FAMILY = "1,2";
			};
			name = Debug;
		};
		621FF7E025DE415E003FD10B /* Release */ = {
			isa = XCBuildConfiguration;
			baseConfigurationReference = 04DBCA9B5EBEB75D2876D2B4 /* Pods-Rntc.release.xcconfig */;
			buildSettings = {
				ASSETCATALOG_COMPILER_APPICON_NAME = AppIcon;
				ASSETCATALOG_COMPILER_GLOBAL_ACCENT_COLOR_NAME = AccentColor;
				CODE_SIGN_STYLE = Automatic;
				DEVELOPMENT_TEAM = E7LT4SWZY4;
				INFOPLIST_FILE = Rntc/Info.plist;
				LD_RUNPATH_SEARCH_PATHS = (
					"$(inherited)",
					"@executable_path/Frameworks",
				);
				PRODUCT_BUNDLE_IDENTIFIER = Domiik.Rntc;
				PRODUCT_NAME = "$(TARGET_NAME)";
				SWIFT_VERSION = 5.0;
				TARGETED_DEVICE_FAMILY = "1,2";
			};
			name = Release;
		};
		621FF7E225DE415E003FD10B /* Debug */ = {
			isa = XCBuildConfiguration;
			baseConfigurationReference = E621A3B458D44D38F03D5C46 /* Pods-RntcTests.debug.xcconfig */;
			buildSettings = {
				ALWAYS_EMBED_SWIFT_STANDARD_LIBRARIES = YES;
				BUNDLE_LOADER = "$(TEST_HOST)";
				CODE_SIGN_STYLE = Automatic;
				DEVELOPMENT_TEAM = E7LT4SWZY4;
				INFOPLIST_FILE = RntcTests/Info.plist;
				IPHONEOS_DEPLOYMENT_TARGET = 14.4;
				LD_RUNPATH_SEARCH_PATHS = (
					"$(inherited)",
					"@executable_path/Frameworks",
					"@loader_path/Frameworks",
				);
				PRODUCT_BUNDLE_IDENTIFIER = Domiik.RntcTests;
				PRODUCT_NAME = "$(TARGET_NAME)";
				SWIFT_VERSION = 5.0;
				TARGETED_DEVICE_FAMILY = "1,2";
				TEST_HOST = "$(BUILT_PRODUCTS_DIR)/Rntc.app/Rntc";
			};
			name = Debug;
		};
		621FF7E325DE415E003FD10B /* Release */ = {
			isa = XCBuildConfiguration;
			baseConfigurationReference = 8E5F41DD0910D4127184F994 /* Pods-RntcTests.release.xcconfig */;
			buildSettings = {
				ALWAYS_EMBED_SWIFT_STANDARD_LIBRARIES = YES;
				BUNDLE_LOADER = "$(TEST_HOST)";
				CODE_SIGN_STYLE = Automatic;
				DEVELOPMENT_TEAM = E7LT4SWZY4;
				INFOPLIST_FILE = RntcTests/Info.plist;
				IPHONEOS_DEPLOYMENT_TARGET = 14.4;
				LD_RUNPATH_SEARCH_PATHS = (
					"$(inherited)",
					"@executable_path/Frameworks",
					"@loader_path/Frameworks",
				);
				PRODUCT_BUNDLE_IDENTIFIER = Domiik.RntcTests;
				PRODUCT_NAME = "$(TARGET_NAME)";
				SWIFT_VERSION = 5.0;
				TARGETED_DEVICE_FAMILY = "1,2";
				TEST_HOST = "$(BUILT_PRODUCTS_DIR)/Rntc.app/Rntc";
			};
			name = Release;
		};
		621FF7E525DE415E003FD10B /* Debug */ = {
			isa = XCBuildConfiguration;
			baseConfigurationReference = 8F849DED6A16C20338A4E4FA /* Pods-Rntc-RntcUITests.debug.xcconfig */;
			buildSettings = {
				ALWAYS_EMBED_SWIFT_STANDARD_LIBRARIES = YES;
				CODE_SIGN_STYLE = Automatic;
				DEVELOPMENT_TEAM = E7LT4SWZY4;
				INFOPLIST_FILE = RntcUITests/Info.plist;
				LD_RUNPATH_SEARCH_PATHS = (
					"$(inherited)",
					"@executable_path/Frameworks",
					"@loader_path/Frameworks",
				);
				PRODUCT_BUNDLE_IDENTIFIER = Domiik.RntcUITests;
				PRODUCT_NAME = "$(TARGET_NAME)";
				SWIFT_VERSION = 5.0;
				TARGETED_DEVICE_FAMILY = "1,2";
				TEST_TARGET_NAME = Rntc;
			};
			name = Debug;
		};
		621FF7E625DE415E003FD10B /* Release */ = {
			isa = XCBuildConfiguration;
			baseConfigurationReference = 4280F278FE5659EE57098615 /* Pods-Rntc-RntcUITests.release.xcconfig */;
			buildSettings = {
				ALWAYS_EMBED_SWIFT_STANDARD_LIBRARIES = YES;
				CODE_SIGN_STYLE = Automatic;
				DEVELOPMENT_TEAM = E7LT4SWZY4;
				INFOPLIST_FILE = RntcUITests/Info.plist;
				LD_RUNPATH_SEARCH_PATHS = (
					"$(inherited)",
					"@executable_path/Frameworks",
					"@loader_path/Frameworks",
				);
				PRODUCT_BUNDLE_IDENTIFIER = Domiik.RntcUITests;
				PRODUCT_NAME = "$(TARGET_NAME)";
				SWIFT_VERSION = 5.0;
				TARGETED_DEVICE_FAMILY = "1,2";
				TEST_TARGET_NAME = Rntc;
			};
			name = Release;
		};
/* End XCBuildConfiguration section */

/* Begin XCConfigurationList section */
		621FF7AF25DE415D003FD10B /* Build configuration list for PBXProject "Rntc" */ = {
			isa = XCConfigurationList;
			buildConfigurations = (
				621FF7DC25DE415E003FD10B /* Debug */,
				621FF7DD25DE415E003FD10B /* Release */,
			);
			defaultConfigurationIsVisible = 0;
			defaultConfigurationName = Release;
		};
		621FF7DE25DE415E003FD10B /* Build configuration list for PBXNativeTarget "Rntc" */ = {
			isa = XCConfigurationList;
			buildConfigurations = (
				621FF7DF25DE415E003FD10B /* Debug */,
				621FF7E025DE415E003FD10B /* Release */,
			);
			defaultConfigurationIsVisible = 0;
			defaultConfigurationName = Release;
		};
		621FF7E125DE415E003FD10B /* Build configuration list for PBXNativeTarget "RntcTests" */ = {
			isa = XCConfigurationList;
			buildConfigurations = (
				621FF7E225DE415E003FD10B /* Debug */,
				621FF7E325DE415E003FD10B /* Release */,
			);
			defaultConfigurationIsVisible = 0;
			defaultConfigurationName = Release;
		};
		621FF7E425DE415E003FD10B /* Build configuration list for PBXNativeTarget "RntcUITests" */ = {
			isa = XCConfigurationList;
			buildConfigurations = (
				621FF7E525DE415E003FD10B /* Debug */,
				621FF7E625DE415E003FD10B /* Release */,
			);
			defaultConfigurationIsVisible = 0;
			defaultConfigurationName = Release;
		};
/* End XCConfigurationList section */
	};
	rootObject = 621FF7AC25DE415D003FD10B /* Project object */;
}
